// !$*UTF8*$!
{
	archiveVersion = 1;
	classes = {
	};
	objectVersion = 77;
	objects = {

/* Begin PBXBuildFile section */
		7C12E0F22E94268B003DCAD5 /* ggml-medium.en-encoder.mlmodelc in Resources */ = {isa = PBXBuildFile; fileRef = 7C12E0F12E94268B003DCAD5 /* ggml-medium.en-encoder.mlmodelc */; };
		7C1923D32E917BFB00F15D00 /* Settings.bundle in Resources */ = {isa = PBXBuildFile; fileRef = 7C1923D22E917BFB00F15D00 /* Settings.bundle */; };
		7C9F2C382E676A6A00B365AB /* SwiftWhisper in Frameworks */ = {isa = PBXBuildFile; productRef = 7C9F2C372E676A6A00B365AB /* SwiftWhisper */; };
		7C9F2C542E6F441C00B365AB /* ggml-medium.en-q5_0.bin in Resources */ = {isa = PBXBuildFile; fileRef = 7C9F2C532E6F441C00B365AB /* ggml-medium.en-q5_0.bin */; };
		7C9F2C772E7093F600B365AB /* TensorFlowLiteSwift in Frameworks */ = {isa = PBXBuildFile; productRef = 7C9F2C762E7093F600B365AB /* TensorFlowLiteSwift */; };
		7C9F2C7A2E709D0C00B365AB /* model_2.tflite in Resources */ = {isa = PBXBuildFile; fileRef = 7C9F2C792E709D0C00B365AB /* model_2.tflite */; };
		7C9F2C7B2E709D0C00B365AB /* model_1.tflite in Resources */ = {isa = PBXBuildFile; fileRef = 7C9F2C782E709D0C00B365AB /* model_1.tflite */; };
/* End PBXBuildFile section */

/* Begin PBXContainerItemProxy section */
		7C9F2BFB2E64BDE100B365AB /* PBXContainerItemProxy */ = {
			isa = PBXContainerItemProxy;
			containerPortal = 7C9F2BE52E64BDDD00B365AB /* Project object */;
			proxyType = 1;
			remoteGlobalIDString = 7C9F2BEC2E64BDDD00B365AB;
			remoteInfo = Quizzie;
		};
		7C9F2C052E64BDE100B365AB /* PBXContainerItemProxy */ = {
			isa = PBXContainerItemProxy;
			containerPortal = 7C9F2BE52E64BDDD00B365AB /* Project object */;
			proxyType = 1;
			remoteGlobalIDString = 7C9F2BEC2E64BDDD00B365AB;
			remoteInfo = Quizzie;
		};
/* End PBXContainerItemProxy section */

/* Begin PBXFileReference section */
		7C12E0F12E94268B003DCAD5 /* ggml-medium.en-encoder.mlmodelc */ = {isa = PBXFileReference; lastKnownFileType = wrapper; path = "ggml-medium.en-encoder.mlmodelc"; sourceTree = "<group>"; };
		7C1923D22E917BFB00F15D00 /* Settings.bundle */ = {isa = PBXFileReference; lastKnownFileType = "wrapper.plug-in"; path = Settings.bundle; sourceTree = "<group>"; };
		7C1923D62E92648100F15D00 /* .gitignore */ = {isa = PBXFileReference; lastKnownFileType = sourcecode.swift; path = .gitignore; sourceTree = "<group>"; };
		7C9F2BED2E64BDDD00B365AB /* Quizzie.app */ = {isa = PBXFileReference; explicitFileType = wrapper.application; includeInIndex = 0; path = Quizzie.app; sourceTree = BUILT_PRODUCTS_DIR; };
		7C9F2BFA2E64BDE100B365AB /* QuizzieTests.xctest */ = {isa = PBXFileReference; explicitFileType = wrapper.cfbundle; includeInIndex = 0; path = QuizzieTests.xctest; sourceTree = BUILT_PRODUCTS_DIR; };
		7C9F2C042E64BDE100B365AB /* QuizzieUITests.xctest */ = {isa = PBXFileReference; explicitFileType = wrapper.cfbundle; includeInIndex = 0; path = QuizzieUITests.xctest; sourceTree = BUILT_PRODUCTS_DIR; };
		7C9F2C532E6F441C00B365AB /* ggml-medium.en-q5_0.bin */ = {isa = PBXFileReference; lastKnownFileType = archive.macbinary; path = "ggml-medium.en-q5_0.bin"; sourceTree = "<group>"; };
		7C9F2C782E709D0C00B365AB /* model_1.tflite */ = {isa = PBXFileReference; lastKnownFileType = file; path = model_1.tflite; sourceTree = "<group>"; };
		7C9F2C792E709D0C00B365AB /* model_2.tflite */ = {isa = PBXFileReference; lastKnownFileType = file; path = model_2.tflite; sourceTree = "<group>"; };
/* End PBXFileReference section */

/* Begin PBXFileSystemSynchronizedBuildFileExceptionSet section */
		7C9F2C182E64C42100B365AB /* Exceptions for "Quizzie" folder in "Quizzie" target */ = {
			isa = PBXFileSystemSynchronizedBuildFileExceptionSet;
			membershipExceptions = (
				Info.plist,
			);
			target = 7C9F2BEC2E64BDDD00B365AB /* Quizzie */;
		};
/* End PBXFileSystemSynchronizedBuildFileExceptionSet section */

/* Begin PBXFileSystemSynchronizedRootGroup section */
		7C12E1182E94290F003DCAD5 /* Sounds */ = {
			isa = PBXFileSystemSynchronizedRootGroup;
			name = Sounds;
			path = Quizzie/Sounds;
			sourceTree = "<group>";
		};
		7C9F2BEF2E64BDDD00B365AB /* Quizzie */ = {
			isa = PBXFileSystemSynchronizedRootGroup;
			exceptions = (
				7C9F2C182E64C42100B365AB /* Exceptions for "Quizzie" folder in "Quizzie" target */,
			);
			path = Quizzie;
			sourceTree = "<group>";
		};
		7C9F2BFD2E64BDE100B365AB /* QuizzieTests */ = {
			isa = PBXFileSystemSynchronizedRootGroup;
			path = QuizzieTests;
			sourceTree = "<group>";
		};
		7C9F2C072E64BDE100B365AB /* QuizzieUITests */ = {
			isa = PBXFileSystemSynchronizedRootGroup;
			path = QuizzieUITests;
			sourceTree = "<group>";
		};
/* End PBXFileSystemSynchronizedRootGroup section */

/* Begin PBXFrameworksBuildPhase section */
		7C9F2BEA2E64BDDD00B365AB /* Frameworks */ = {
			isa = PBXFrameworksBuildPhase;
			buildActionMask = 2147483647;
			files = (
				7C9F2C382E676A6A00B365AB /* SwiftWhisper in Frameworks */,
				7C9F2C772E7093F600B365AB /* TensorFlowLiteSwift in Frameworks */,
			);
			runOnlyForDeploymentPostprocessing = 0;
		};
		7C9F2BF72E64BDE100B365AB /* Frameworks */ = {
			isa = PBXFrameworksBuildPhase;
			buildActionMask = 2147483647;
			files = (
			);
			runOnlyForDeploymentPostprocessing = 0;
		};
		7C9F2C012E64BDE100B365AB /* Frameworks */ = {
			isa = PBXFrameworksBuildPhase;
			buildActionMask = 2147483647;
			files = (
			);
			runOnlyForDeploymentPostprocessing = 0;
		};
/* End PBXFrameworksBuildPhase section */

/* Begin PBXGroup section */
		7C9F2BE42E64BDDD00B365AB = {
			isa = PBXGroup;
			children = (
				7C12E1182E94290F003DCAD5 /* Sounds */,
				7C12E0F12E94268B003DCAD5 /* ggml-medium.en-encoder.mlmodelc */,
				7C1923D62E92648100F15D00 /* .gitignore */,
				7C1923D22E917BFB00F15D00 /* Settings.bundle */,
				7C9F2C782E709D0C00B365AB /* model_1.tflite */,
				7C9F2C792E709D0C00B365AB /* model_2.tflite */,
				7C9F2C532E6F441C00B365AB /* ggml-medium.en-q5_0.bin */,
				7C9F2BEF2E64BDDD00B365AB /* Quizzie */,
				7C9F2BFD2E64BDE100B365AB /* QuizzieTests */,
				7C9F2C072E64BDE100B365AB /* QuizzieUITests */,
				7C9F2C362E676A6A00B365AB /* Frameworks */,
				7C9F2BEE2E64BDDD00B365AB /* Products */,
			);
			sourceTree = "<group>";
		};
		7C9F2BEE2E64BDDD00B365AB /* Products */ = {
			isa = PBXGroup;
			children = (
				7C9F2BED2E64BDDD00B365AB /* Quizzie.app */,
				7C9F2BFA2E64BDE100B365AB /* QuizzieTests.xctest */,
				7C9F2C042E64BDE100B365AB /* QuizzieUITests.xctest */,
			);
			name = Products;
			sourceTree = "<group>";
		};
		7C9F2C362E676A6A00B365AB /* Frameworks */ = {
			isa = PBXGroup;
			children = (
			);
			name = Frameworks;
			sourceTree = "<group>";
		};
/* End PBXGroup section */

/* Begin PBXNativeTarget section */
		7C9F2BEC2E64BDDD00B365AB /* Quizzie */ = {
			isa = PBXNativeTarget;
			buildConfigurationList = 7C9F2C0E2E64BDE100B365AB /* Build configuration list for PBXNativeTarget "Quizzie" */;
			buildPhases = (
				7C9F2BE92E64BDDD00B365AB /* Sources */,
				7C9F2BEA2E64BDDD00B365AB /* Frameworks */,
				7C9F2BEB2E64BDDD00B365AB /* Resources */,
			);
			buildRules = (
			);
			dependencies = (
			);
			fileSystemSynchronizedGroups = (
				7C9F2BEF2E64BDDD00B365AB /* Quizzie */,
			);
			name = Quizzie;
			packageProductDependencies = (
				7C9F2C372E676A6A00B365AB /* SwiftWhisper */,
				7C9F2C762E7093F600B365AB /* TensorFlowLiteSwift */,
			);
			productName = Quizzie;
			productReference = 7C9F2BED2E64BDDD00B365AB /* Quizzie.app */;
			productType = "com.apple.product-type.application";
		};
		7C9F2BF92E64BDE100B365AB /* QuizzieTests */ = {
			isa = PBXNativeTarget;
			buildConfigurationList = 7C9F2C112E64BDE100B365AB /* Build configuration list for PBXNativeTarget "QuizzieTests" */;
			buildPhases = (
				7C9F2BF62E64BDE100B365AB /* Sources */,
				7C9F2BF72E64BDE100B365AB /* Frameworks */,
				7C9F2BF82E64BDE100B365AB /* Resources */,
			);
			buildRules = (
			);
			dependencies = (
				7C9F2BFC2E64BDE100B365AB /* PBXTargetDependency */,
			);
			fileSystemSynchronizedGroups = (
				7C9F2BFD2E64BDE100B365AB /* QuizzieTests */,
			);
			name = QuizzieTests;
			packageProductDependencies = (
			);
			productName = QuizzieTests;
			productReference = 7C9F2BFA2E64BDE100B365AB /* QuizzieTests.xctest */;
			productType = "com.apple.product-type.bundle.unit-test";
		};
		7C9F2C032E64BDE100B365AB /* QuizzieUITests */ = {
			isa = PBXNativeTarget;
			buildConfigurationList = 7C9F2C142E64BDE100B365AB /* Build configuration list for PBXNativeTarget "QuizzieUITests" */;
			buildPhases = (
				7C9F2C002E64BDE100B365AB /* Sources */,
				7C9F2C012E64BDE100B365AB /* Frameworks */,
				7C9F2C022E64BDE100B365AB /* Resources */,
			);
			buildRules = (
			);
			dependencies = (
				7C9F2C062E64BDE100B365AB /* PBXTargetDependency */,
			);
			fileSystemSynchronizedGroups = (
				7C9F2C072E64BDE100B365AB /* QuizzieUITests */,
			);
			name = QuizzieUITests;
			packageProductDependencies = (
			);
			productName = QuizzieUITests;
			productReference = 7C9F2C042E64BDE100B365AB /* QuizzieUITests.xctest */;
			productType = "com.apple.product-type.bundle.ui-testing";
		};
/* End PBXNativeTarget section */

/* Begin PBXProject section */
		7C9F2BE52E64BDDD00B365AB /* Project object */ = {
			isa = PBXProject;
			attributes = {
				BuildIndependentTargetsInParallel = 1;
				KnownAssetTags = (
					New,
				);
				LastSwiftUpdateCheck = 1640;
				LastUpgradeCheck = 2600;
				TargetAttributes = {
					7C9F2BEC2E64BDDD00B365AB = {
						CreatedOnToolsVersion = 16.4;
					};
					7C9F2BF92E64BDE100B365AB = {
						CreatedOnToolsVersion = 16.4;
						TestTargetID = 7C9F2BEC2E64BDDD00B365AB;
					};
					7C9F2C032E64BDE100B365AB = {
						CreatedOnToolsVersion = 16.4;
						TestTargetID = 7C9F2BEC2E64BDDD00B365AB;
					};
				};
			};
			buildConfigurationList = 7C9F2BE82E64BDDD00B365AB /* Build configuration list for PBXProject "Quizzie" */;
			developmentRegion = en;
			hasScannedForEncodings = 0;
			knownRegions = (
				en,
				Base,
			);
			mainGroup = 7C9F2BE42E64BDDD00B365AB;
			minimizedProjectReferenceProxies = 1;
			packageReferences = (
				7C9F2C2D2E67614B00B365AB /* XCRemoteSwiftPackageReference "SwiftWhisper" */,
				7C9F2C592E708F7C00B365AB /* XCRemoteSwiftPackageReference "TensorFlowLiteSwift" */,
			);
			preferredProjectObjectVersion = 77;
			productRefGroup = 7C9F2BEE2E64BDDD00B365AB /* Products */;
			projectDirPath = "";
			projectRoot = "";
			targets = (
				7C9F2BEC2E64BDDD00B365AB /* Quizzie */,
				7C9F2BF92E64BDE100B365AB /* QuizzieTests */,
				7C9F2C032E64BDE100B365AB /* QuizzieUITests */,
			);
		};
/* End PBXProject section */

/* Begin PBXResourcesBuildPhase section */
		7C9F2BEB2E64BDDD00B365AB /* Resources */ = {
			isa = PBXResourcesBuildPhase;
			buildActionMask = 2147483647;
			files = (
				7C9F2C7A2E709D0C00B365AB /* model_2.tflite in Resources */,
				7C9F2C7B2E709D0C00B365AB /* model_1.tflite in Resources */,
				7C9F2C542E6F441C00B365AB /* ggml-medium.en-q5_0.bin in Resources */,
				7C1923D32E917BFB00F15D00 /* Settings.bundle in Resources */,
				7C12E0F22E94268B003DCAD5 /* ggml-medium.en-encoder.mlmodelc in Resources */,
			);
			runOnlyForDeploymentPostprocessing = 0;
		};
		7C9F2BF82E64BDE100B365AB /* Resources */ = {
			isa = PBXResourcesBuildPhase;
			buildActionMask = 2147483647;
			files = (
			);
			runOnlyForDeploymentPostprocessing = 0;
		};
		7C9F2C022E64BDE100B365AB /* Resources */ = {
			isa = PBXResourcesBuildPhase;
			buildActionMask = 2147483647;
			files = (
			);
			runOnlyForDeploymentPostprocessing = 0;
		};
/* End PBXResourcesBuildPhase section */

/* Begin PBXSourcesBuildPhase section */
		7C9F2BE92E64BDDD00B365AB /* Sources */ = {
			isa = PBXSourcesBuildPhase;
			buildActionMask = 2147483647;
			files = (
			);
			runOnlyForDeploymentPostprocessing = 0;
		};
		7C9F2BF62E64BDE100B365AB /* Sources */ = {
			isa = PBXSourcesBuildPhase;
			buildActionMask = 2147483647;
			files = (
			);
			runOnlyForDeploymentPostprocessing = 0;
		};
		7C9F2C002E64BDE100B365AB /* Sources */ = {
			isa = PBXSourcesBuildPhase;
			buildActionMask = 2147483647;
			files = (
			);
			runOnlyForDeploymentPostprocessing = 0;
		};
/* End PBXSourcesBuildPhase section */

/* Begin PBXTargetDependency section */
		7C9F2BFC2E64BDE100B365AB /* PBXTargetDependency */ = {
			isa = PBXTargetDependency;
			target = 7C9F2BEC2E64BDDD00B365AB /* Quizzie */;
			targetProxy = 7C9F2BFB2E64BDE100B365AB /* PBXContainerItemProxy */;
		};
		7C9F2C062E64BDE100B365AB /* PBXTargetDependency */ = {
			isa = PBXTargetDependency;
			target = 7C9F2BEC2E64BDDD00B365AB /* Quizzie */;
			targetProxy = 7C9F2C052E64BDE100B365AB /* PBXContainerItemProxy */;
		};
/* End PBXTargetDependency section */

/* Begin XCBuildConfiguration section */
		7C9F2C0C2E64BDE100B365AB /* Debug */ = {
			isa = XCBuildConfiguration;
			buildSettings = {
				ALWAYS_SEARCH_USER_PATHS = NO;
				ASSETCATALOG_COMPILER_GENERATE_SWIFT_ASSET_SYMBOL_EXTENSIONS = YES;
				CLANG_ANALYZER_NONNULL = YES;
				CLANG_ANALYZER_NUMBER_OBJECT_CONVERSION = YES_AGGRESSIVE;
				CLANG_CXX_LANGUAGE_STANDARD = "gnu++20";
				CLANG_ENABLE_MODULES = YES;
				CLANG_ENABLE_OBJC_ARC = YES;
				CLANG_ENABLE_OBJC_WEAK = YES;
				CLANG_WARN_BLOCK_CAPTURE_AUTORELEASING = YES;
				CLANG_WARN_BOOL_CONVERSION = YES;
				CLANG_WARN_COMMA = YES;
				CLANG_WARN_CONSTANT_CONVERSION = YES;
				CLANG_WARN_DEPRECATED_OBJC_IMPLEMENTATIONS = YES;
				CLANG_WARN_DIRECT_OBJC_ISA_USAGE = YES_ERROR;
				CLANG_WARN_DOCUMENTATION_COMMENTS = YES;
				CLANG_WARN_EMPTY_BODY = YES;
				CLANG_WARN_ENUM_CONVERSION = YES;
				CLANG_WARN_INFINITE_RECURSION = YES;
				CLANG_WARN_INT_CONVERSION = YES;
				CLANG_WARN_NON_LITERAL_NULL_CONVERSION = YES;
				CLANG_WARN_OBJC_IMPLICIT_RETAIN_SELF = YES;
				CLANG_WARN_OBJC_LITERAL_CONVERSION = YES;
				CLANG_WARN_OBJC_ROOT_CLASS = YES_ERROR;
				CLANG_WARN_QUOTED_INCLUDE_IN_FRAMEWORK_HEADER = YES;
				CLANG_WARN_RANGE_LOOP_ANALYSIS = YES;
				CLANG_WARN_STRICT_PROTOTYPES = YES;
				CLANG_WARN_SUSPICIOUS_MOVE = YES;
				CLANG_WARN_UNGUARDED_AVAILABILITY = YES_AGGRESSIVE;
				CLANG_WARN_UNREACHABLE_CODE = YES;
				CLANG_WARN__DUPLICATE_METHOD_MATCH = YES;
				COPY_PHASE_STRIP = NO;
				DEBUG_INFORMATION_FORMAT = dwarf;
				ENABLE_STRICT_OBJC_MSGSEND = YES;
				ENABLE_TESTABILITY = YES;
				ENABLE_USER_SCRIPT_SANDBOXING = YES;
				GCC_C_LANGUAGE_STANDARD = gnu17;
				GCC_DYNAMIC_NO_PIC = NO;
				GCC_NO_COMMON_BLOCKS = YES;
				GCC_OPTIMIZATION_LEVEL = 0;
				GCC_PREPROCESSOR_DEFINITIONS = (
					"DEBUG=1",
					"$(inherited)",
				);
				GCC_WARN_64_TO_32_BIT_CONVERSION = YES;
				GCC_WARN_ABOUT_RETURN_TYPE = YES_ERROR;
				GCC_WARN_UNDECLARED_SELECTOR = YES;
				GCC_WARN_UNINITIALIZED_AUTOS = YES_AGGRESSIVE;
				GCC_WARN_UNUSED_FUNCTION = YES;
				GCC_WARN_UNUSED_VARIABLE = YES;
				IPHONEOS_DEPLOYMENT_TARGET = 18.5;
				LOCALIZATION_PREFERS_STRING_CATALOGS = YES;
				MTL_ENABLE_DEBUG_INFO = INCLUDE_SOURCE;
				MTL_FAST_MATH = YES;
				ONLY_ACTIVE_ARCH = YES;
				SDKROOT = iphoneos;
				STRING_CATALOG_GENERATE_SYMBOLS = YES;
				SWIFT_ACTIVE_COMPILATION_CONDITIONS = "DEBUG $(inherited)";
				SWIFT_OPTIMIZATION_LEVEL = "-Onone";
			};
			name = Debug;
		};
		7C9F2C0D2E64BDE100B365AB /* Release */ = {
			isa = XCBuildConfiguration;
			buildSettings = {
				ALWAYS_SEARCH_USER_PATHS = NO;
				ASSETCATALOG_COMPILER_GENERATE_SWIFT_ASSET_SYMBOL_EXTENSIONS = YES;
				CLANG_ANALYZER_NONNULL = YES;
				CLANG_ANALYZER_NUMBER_OBJECT_CONVERSION = YES_AGGRESSIVE;
				CLANG_CXX_LANGUAGE_STANDARD = "gnu++20";
				CLANG_ENABLE_MODULES = YES;
				CLANG_ENABLE_OBJC_ARC = YES;
				CLANG_ENABLE_OBJC_WEAK = YES;
				CLANG_WARN_BLOCK_CAPTURE_AUTORELEASING = YES;
				CLANG_WARN_BOOL_CONVERSION = YES;
				CLANG_WARN_COMMA = YES;
				CLANG_WARN_CONSTANT_CONVERSION = YES;
				CLANG_WARN_DEPRECATED_OBJC_IMPLEMENTATIONS = YES;
				CLANG_WARN_DIRECT_OBJC_ISA_USAGE = YES_ERROR;
				CLANG_WARN_DOCUMENTATION_COMMENTS = YES;
				CLANG_WARN_EMPTY_BODY = YES;
				CLANG_WARN_ENUM_CONVERSION = YES;
				CLANG_WARN_INFINITE_RECURSION = YES;
				CLANG_WARN_INT_CONVERSION = YES;
				CLANG_WARN_NON_LITERAL_NULL_CONVERSION = YES;
				CLANG_WARN_OBJC_IMPLICIT_RETAIN_SELF = YES;
				CLANG_WARN_OBJC_LITERAL_CONVERSION = YES;
				CLANG_WARN_OBJC_ROOT_CLASS = YES_ERROR;
				CLANG_WARN_QUOTED_INCLUDE_IN_FRAMEWORK_HEADER = YES;
				CLANG_WARN_RANGE_LOOP_ANALYSIS = YES;
				CLANG_WARN_STRICT_PROTOTYPES = YES;
				CLANG_WARN_SUSPICIOUS_MOVE = YES;
				CLANG_WARN_UNGUARDED_AVAILABILITY = YES_AGGRESSIVE;
				CLANG_WARN_UNREACHABLE_CODE = YES;
				CLANG_WARN__DUPLICATE_METHOD_MATCH = YES;
				COPY_PHASE_STRIP = NO;
				DEBUG_INFORMATION_FORMAT = "dwarf-with-dsym";
				ENABLE_NS_ASSERTIONS = NO;
				ENABLE_STRICT_OBJC_MSGSEND = YES;
				ENABLE_USER_SCRIPT_SANDBOXING = YES;
				GCC_C_LANGUAGE_STANDARD = gnu17;
				GCC_NO_COMMON_BLOCKS = YES;
				GCC_WARN_64_TO_32_BIT_CONVERSION = YES;
				GCC_WARN_ABOUT_RETURN_TYPE = YES_ERROR;
				GCC_WARN_UNDECLARED_SELECTOR = YES;
				GCC_WARN_UNINITIALIZED_AUTOS = YES_AGGRESSIVE;
				GCC_WARN_UNUSED_FUNCTION = YES;
				GCC_WARN_UNUSED_VARIABLE = YES;
				IPHONEOS_DEPLOYMENT_TARGET = 18.5;
				LOCALIZATION_PREFERS_STRING_CATALOGS = YES;
				MTL_ENABLE_DEBUG_INFO = NO;
				MTL_FAST_MATH = YES;
				SDKROOT = iphoneos;
				STRING_CATALOG_GENERATE_SYMBOLS = YES;
				SWIFT_COMPILATION_MODE = wholemodule;
				VALIDATE_PRODUCT = YES;
			};
			name = Release;
		};
		7C9F2C0F2E64BDE100B365AB /* Debug */ = {
			isa = XCBuildConfiguration;
			buildSettings = {
				ASSETCATALOG_COMPILER_APPICON_NAME = AppIcon;
				ASSETCATALOG_COMPILER_GLOBAL_ACCENT_COLOR_NAME = AccentColor;
				CODE_SIGN_STYLE = Automatic;
				CURRENT_PROJECT_VERSION = 1;
				DEVELOPMENT_TEAM = YXV69DX774;
				ENABLE_PREVIEWS = YES;
				GENERATE_INFOPLIST_FILE = YES;
				INFOPLIST_FILE = Quizzie/Info.plist;
				INFOPLIST_KEY_LSApplicationCategoryType = "";
				INFOPLIST_KEY_NSMainNibFile = "";
				INFOPLIST_KEY_UIApplicationSceneManifest_Generation = YES;
				INFOPLIST_KEY_UIApplicationSupportsIndirectInputEvents = YES;
				INFOPLIST_KEY_UILaunchScreen_Generation = YES;
				INFOPLIST_KEY_UISupportedInterfaceOrientations_iPad = "UIInterfaceOrientationPortrait UIInterfaceOrientationPortraitUpsideDown UIInterfaceOrientationLandscapeLeft UIInterfaceOrientationLandscapeRight";
				INFOPLIST_KEY_UISupportedInterfaceOrientations_iPhone = "UIInterfaceOrientationPortrait UIInterfaceOrientationLandscapeLeft UIInterfaceOrientationLandscapeRight";
				LD_RUNPATH_SEARCH_PATHS = (
					"$(inherited)",
					"@executable_path/Frameworks",
				);
				MARKETING_VERSION = 1.0;
				PRODUCT_BUNDLE_IDENTIFIER = com.quizzie.Quizzie;
				PRODUCT_NAME = "$(TARGET_NAME)";
				SWIFT_EMIT_LOC_STRINGS = YES;
				SWIFT_VERSION = 5.0;
				TARGETED_DEVICE_FAMILY = "1,2";
			};
			name = Debug;
		};
		7C9F2C102E64BDE100B365AB /* Release */ = {
			isa = XCBuildConfiguration;
			buildSettings = {
				ASSETCATALOG_COMPILER_APPICON_NAME = AppIcon;
				ASSETCATALOG_COMPILER_GLOBAL_ACCENT_COLOR_NAME = AccentColor;
				CODE_SIGN_STYLE = Automatic;
				CURRENT_PROJECT_VERSION = 1;
				DEVELOPMENT_TEAM = YXV69DX774;
				ENABLE_PREVIEWS = YES;
				GENERATE_INFOPLIST_FILE = YES;
				INFOPLIST_FILE = Quizzie/Info.plist;
				INFOPLIST_KEY_LSApplicationCategoryType = "";
				INFOPLIST_KEY_NSMainNibFile = "";
				INFOPLIST_KEY_UIApplicationSceneManifest_Generation = YES;
				INFOPLIST_KEY_UIApplicationSupportsIndirectInputEvents = YES;
				INFOPLIST_KEY_UILaunchScreen_Generation = YES;
				INFOPLIST_KEY_UISupportedInterfaceOrientations_iPad = "UIInterfaceOrientationPortrait UIInterfaceOrientationPortraitUpsideDown UIInterfaceOrientationLandscapeLeft UIInterfaceOrientationLandscapeRight";
				INFOPLIST_KEY_UISupportedInterfaceOrientations_iPhone = "UIInterfaceOrientationPortrait UIInterfaceOrientationLandscapeLeft UIInterfaceOrientationLandscapeRight";
				LD_RUNPATH_SEARCH_PATHS = (
					"$(inherited)",
					"@executable_path/Frameworks",
				);
				MARKETING_VERSION = 1.0;
				PRODUCT_BUNDLE_IDENTIFIER = com.quizzie.Quizzie;
				PRODUCT_NAME = "$(TARGET_NAME)";
				SWIFT_EMIT_LOC_STRINGS = YES;
				SWIFT_VERSION = 5.0;
				TARGETED_DEVICE_FAMILY = "1,2";
			};
			name = Release;
		};
		7C9F2C122E64BDE100B365AB /* Debug */ = {
			isa = XCBuildConfiguration;
			buildSettings = {
				BUNDLE_LOADER = "$(TEST_HOST)";
				CODE_SIGN_STYLE = Automatic;
				CURRENT_PROJECT_VERSION = 1;
				GENERATE_INFOPLIST_FILE = YES;
				IPHONEOS_DEPLOYMENT_TARGET = 18.5;
				MARKETING_VERSION = 1.0;
				PRODUCT_BUNDLE_IDENTIFIER = com.quizzie.QuizzieTests;
				PRODUCT_NAME = "$(TARGET_NAME)";
				SWIFT_EMIT_LOC_STRINGS = NO;
				SWIFT_VERSION = 5.0;
				TARGETED_DEVICE_FAMILY = "1,2";
				TEST_HOST = "$(BUILT_PRODUCTS_DIR)/Quizzie.app/$(BUNDLE_EXECUTABLE_FOLDER_PATH)/Quizzie";
			};
			name = Debug;
		};
		7C9F2C132E64BDE100B365AB /* Release */ = {
			isa = XCBuildConfiguration;
			buildSettings = {
				BUNDLE_LOADER = "$(TEST_HOST)";
				CODE_SIGN_STYLE = Automatic;
				CURRENT_PROJECT_VERSION = 1;
				GENERATE_INFOPLIST_FILE = YES;
				IPHONEOS_DEPLOYMENT_TARGET = 18.5;
				MARKETING_VERSION = 1.0;
				PRODUCT_BUNDLE_IDENTIFIER = com.quizzie.QuizzieTests;
				PRODUCT_NAME = "$(TARGET_NAME)";
				SWIFT_EMIT_LOC_STRINGS = NO;
				SWIFT_VERSION = 5.0;
				TARGETED_DEVICE_FAMILY = "1,2";
				TEST_HOST = "$(BUILT_PRODUCTS_DIR)/Quizzie.app/$(BUNDLE_EXECUTABLE_FOLDER_PATH)/Quizzie";
			};
			name = Release;
		};
		7C9F2C152E64BDE100B365AB /* Debug */ = {
			isa = XCBuildConfiguration;
			buildSettings = {
				CODE_SIGN_STYLE = Automatic;
				CURRENT_PROJECT_VERSION = 1;
				GENERATE_INFOPLIST_FILE = YES;
				MARKETING_VERSION = 1.0;
				PRODUCT_BUNDLE_IDENTIFIER = com.quizzie.QuizzieUITests;
				PRODUCT_NAME = "$(TARGET_NAME)";
				SWIFT_EMIT_LOC_STRINGS = NO;
				SWIFT_VERSION = 5.0;
				TARGETED_DEVICE_FAMILY = "1,2";
				TEST_TARGET_NAME = Quizzie;
			};
			name = Debug;
		};
		7C9F2C162E64BDE100B365AB /* Release */ = {
			isa = XCBuildConfiguration;
			buildSettings = {
				CODE_SIGN_STYLE = Automatic;
				CURRENT_PROJECT_VERSION = 1;
				GENERATE_INFOPLIST_FILE = YES;
				MARKETING_VERSION = 1.0;
				PRODUCT_BUNDLE_IDENTIFIER = com.quizzie.QuizzieUITests;
				PRODUCT_NAME = "$(TARGET_NAME)";
				SWIFT_EMIT_LOC_STRINGS = NO;
				SWIFT_VERSION = 5.0;
				TARGETED_DEVICE_FAMILY = "1,2";
				TEST_TARGET_NAME = Quizzie;
			};
			name = Release;
		};
/* End XCBuildConfiguration section */

/* Begin XCConfigurationList section */
		7C9F2BE82E64BDDD00B365AB /* Build configuration list for PBXProject "Quizzie" */ = {
			isa = XCConfigurationList;
			buildConfigurations = (
				7C9F2C0C2E64BDE100B365AB /* Debug */,
				7C9F2C0D2E64BDE100B365AB /* Release */,
			);
			defaultConfigurationIsVisible = 0;
			defaultConfigurationName = Release;
		};
		7C9F2C0E2E64BDE100B365AB /* Build configuration list for PBXNativeTarget "Quizzie" */ = {
			isa = XCConfigurationList;
			buildConfigurations = (
				7C9F2C0F2E64BDE100B365AB /* Debug */,
				7C9F2C102E64BDE100B365AB /* Release */,
			);
			defaultConfigurationIsVisible = 0;
			defaultConfigurationName = Release;
		};
		7C9F2C112E64BDE100B365AB /* Build configuration list for PBXNativeTarget "QuizzieTests" */ = {
			isa = XCConfigurationList;
			buildConfigurations = (
				7C9F2C122E64BDE100B365AB /* Debug */,
				7C9F2C132E64BDE100B365AB /* Release */,
			);
			defaultConfigurationIsVisible = 0;
			defaultConfigurationName = Release;
		};
		7C9F2C142E64BDE100B365AB /* Build configuration list for PBXNativeTarget "QuizzieUITests" */ = {
			isa = XCConfigurationList;
			buildConfigurations = (
				7C9F2C152E64BDE100B365AB /* Debug */,
				7C9F2C162E64BDE100B365AB /* Release */,
			);
			defaultConfigurationIsVisible = 0;
			defaultConfigurationName = Release;
		};
/* End XCConfigurationList section */

/* Begin XCRemoteSwiftPackageReference section */
		7C9F2C2D2E67614B00B365AB /* XCRemoteSwiftPackageReference "SwiftWhisper" */ = {
			isa = XCRemoteSwiftPackageReference;
			repositoryURL = "https://github.com/exPHAT/SwiftWhisper.git";
			requirement = {
				kind = upToNextMinorVersion;
				minimumVersion = 1.2.0;
			};
		};
		7C9F2C592E708F7C00B365AB /* XCRemoteSwiftPackageReference "TensorFlowLiteSwift" */ = {
			isa = XCRemoteSwiftPackageReference;
			repositoryURL = "https://github.com/kewlbear/TensorFlowLiteSwift.git";
			requirement = {
				branch = master;
				kind = branch;
			};
		};
/* End XCRemoteSwiftPackageReference section */

/* Begin XCSwiftPackageProductDependency section */
		7C9F2C372E676A6A00B365AB /* SwiftWhisper */ = {
			isa = XCSwiftPackageProductDependency;
			package = 7C9F2C2D2E67614B00B365AB /* XCRemoteSwiftPackageReference "SwiftWhisper" */;
			productName = SwiftWhisper;
		};
		7C9F2C762E7093F600B365AB /* TensorFlowLiteSwift */ = {
			isa = XCSwiftPackageProductDependency;
			package = 7C9F2C592E708F7C00B365AB /* XCRemoteSwiftPackageReference "TensorFlowLiteSwift" */;
			productName = TensorFlowLiteSwift;
		};
/* End XCSwiftPackageProductDependency section */
	};
	rootObject = 7C9F2BE52E64BDDD00B365AB /* Project object */;
}
